
Microsoft Visual Studio Solution File, Format Version 12.00
# Visual Studio Version 16
VisualStudioVersion = 16.0.29123.88
MinimumVisualStudioVersion = 10.0.40219.1
Project("{FAE04EC0-301F-11D3-BF4B-00C04F79EFBC}") = "AccountOwnerServer", "AccountOwnerServer\AccountOwnerServer.csproj", "{63635694-A844-41B9-9A88-185E0BE88D8F}"
EndProject
Project("{FAE04EC0-301F-11D3-BF4B-00C04F79EFBC}") = "Contracts", "Contracts\Contracts.csproj", "{B272078D-2087-48A5-92E5-C1122CFD73D8}"
EndProject
Project("{FAE04EC0-301F-11D3-BF4B-00C04F79EFBC}") = "LoggerService", "LoggerService\LoggerService.csproj", "{2DC6E94C-4B2B-4DDC-839A-E58300EA5CBF}"
EndProject
Project("{FAE04EC0-301F-11D3-BF4B-00C04F79EFBC}") = "Entities", "Entities\Entities.csproj", "{029CC2B8-8E5A-426E-A745-6F0B4E9837F4}"
EndProject
Project("{FAE04EC0-301F-11D3-BF4B-00C04F79EFBC}") = "Repository", "Repository\Repository.csproj", "{D7956293-D23F-46B9-865F-167578FB9B1A}"
EndProject
Global
	GlobalSection(SolutionConfigurationPlatforms) = preSolution
		Debug|Any CPU = Debug|Any CPU
		Release|Any CPU = Release|Any CPU
	EndGlobalSection
	GlobalSection(ProjectConfigurationPlatforms) = postSolution
		{63635694-A844-41B9-9A88-185E0BE88D8F}.Debug|Any CPU.ActiveCfg = Debug|Any CPU
		{63635694-A844-41B9-9A88-185E0BE88D8F}.Debug|Any CPU.Build.0 = Debug|Any CPU
		{63635694-A844-41B9-9A88-185E0BE88D8F}.Release|Any CPU.ActiveCfg = Release|Any CPU
		{63635694-A844-41B9-9A88-185E0BE88D8F}.Release|Any CPU.Build.0 = Release|Any CPU
		{B272078D-2087-48A5-92E5-C1122CFD73D8}.Debug|Any CPU.ActiveCfg = Debug|Any CPU
		{B272078D-2087-48A5-92E5-C1122CFD73D8}.Debug|Any CPU.Build.0 = Debug|Any CPU
		{B272078D-2087-48A5-92E5-C1122CFD73D8}.Release|Any CPU.ActiveCfg = Release|Any CPU
		{B272078D-2087-48A5-92E5-C1122CFD73D8}.Release|Any CPU.Build.0 = Release|Any CPU
		{2DC6E94C-4B2B-4DDC-839A-E58300EA5CBF}.Debug|Any CPU.ActiveCfg = Debug|Any CPU
		{2DC6E94C-4B2B-4DDC-839A-E58300EA5CBF}.Debug|Any CPU.Build.0 = Debug|Any CPU
		{2DC6E94C-4B2B-4DDC-839A-E58300EA5CBF}.Release|Any CPU.ActiveCfg = Release|Any CPU
		{2DC6E94C-4B2B-4DDC-839A-E58300EA5CBF}.Release|Any CPU.Build.0 = Release|Any CPU
		{029CC2B8-8E5A-426E-A745-6F0B4E9837F4}.Debug|Any CPU.ActiveCfg = Debug|Any CPU
		{029CC2B8-8E5A-426E-A745-6F0B4E9837F4}.Debug|Any CPU.Build.0 = Debug|Any CPU
		{029CC2B8-8E5A-426E-A745-6F0B4E9837F4}.Release|Any CPU.ActiveCfg = Release|Any CPU
		{029CC2B8-8E5A-426E-A745-6F0B4E9837F4}.Release|Any CPU.Build.0 = Release|Any CPU
		{D7956293-D23F-46B9-865F-167578FB9B1A}.Debug|Any CPU.ActiveCfg = Debug|Any CPU
		{D7956293-D23F-46B9-865F-167578FB9B1A}.Debug|Any CPU.Build.0 = Debug|Any CPU
		{D7956293-D23F-46B9-865F-167578FB9B1A}.Release|Any CPU.ActiveCfg = Release|Any CPU
		{D7956293-D23F-46B9-865F-167578FB9B1A}.Release|Any CPU.Build.0 = Release|Any CPU
	EndGlobalSection
	GlobalSection(SolutionProperties) = preSolution
		HideSolutionNode = FALSE
	EndGlobalSection
	GlobalSection(ExtensibilityGlobals) = postSolution
		SolutionGuid = {0DB61EB3-06F9-4331-8EF3-C32857BD60B0}
	EndGlobalSection
EndGlobal
